
Microsoft Visual Studio Solution File, Format Version 11.00
# Visual Basic Express 2010
Project("{F184B08F-C81C-45F6-A57F-5ABD9991F28F}") = "Kalkulator IMT", "Kalkulator IMT\Kalkulator IMT.vbproj", "{E4C04BE6-D770-4087-BDE0-B68AC2F7114F}"
EndProject
Global
	GlobalSection(SolutionConfigurationPlatforms) = preSolution
		Debug|x86 = Debug|x86
		Release|x86 = Release|x86
	EndGlobalSection
	GlobalSection(ProjectConfigurationPlatforms) = postSolution
		{E4C04BE6-D770-4087-BDE0-B68AC2F7114F}.Debug|x86.ActiveCfg = Debug|x86
		{E4C04BE6-D770-4087-BDE0-B68AC2F7114F}.Debug|x86.Build.0 = Debug|x86
		{E4C04BE6-D770-4087-BDE0-B68AC2F7114F}.Release|x86.ActiveCfg = Release|x86
		{E4C04BE6-D770-4087-BDE0-B68AC2F7114F}.Release|x86.Build.0 = Release|x86
	EndGlobalSection
	GlobalSection(SolutionProperties) = preSolution
		HideSolutionNode = FALSE
	EndGlobalSection
EndGlobal
